{
  "version": 4,
  "terraform_version": "1.3.7",
  "serial": 66,
  "lineage": "6fca21aa-08ca-0de4-9b82-b03f8bf8fbed",
  "outputs": {
    "account_id": {
      "value": "414351351247",
      "type": "string"
    },
    "agent_space_arn": {
      "value": "arn:aws:aidevops:us-east-1:414351351247:agentspace/fe2370ca-ed86-43e3-b8e4-33af40b5605b",
      "type": "string"
    },
    "agent_space_id": {
      "value": "fe2370ca-ed86-43e3-b8e4-33af40b5605b",
      "type": "string"
    },
    "agent_space_name": {
      "value": "ZayodevopsAgentSpace",
      "type": "string"
    },
    "auth_flow": {
      "value": "iam",
      "type": "string"
    },
    "cross_account_trust_policy": {
      "value": {
        "295451572584": "{\n  \"Version\": \"2012-10-17\",\n  \"Statement\": [\n    {\n      \"Effect\": \"Allow\",\n      \"Action\": \"sts:AssumeRole\",\n      \"Principal\": {\n        \"AWS\": \"arn:aws:iam::414351351247:role/DevOpsAgentRole-AgentSpace-466bd434\"\n      },\n      \"Condition\": {\n        \"StringEquals\": {\n          \"sts:ExternalId\": \"arn:aws:aidevops:us-east-1:414351351247:agentspace/fe2370ca-ed86-43e3-b8e4-33af40b5605b\"\n        }\n      }\n    }\n  ]\n}",
        "608649261817": "{\n  \"Version\": \"2012-10-17\",\n  \"Statement\": [\n    {\n      \"Effect\": \"Allow\",\n      \"Action\": \"sts:AssumeRole\",\n      \"Principal\": {\n        \"AWS\": \"arn:aws:iam::414351351247:role/DevOpsAgentRole-AgentSpace-466bd434\"\n      },\n      \"Condition\": {\n        \"StringEquals\": {\n          \"sts:ExternalId\": \"arn:aws:aidevops:us-east-1:414351351247:agentspace/fe2370ca-ed86-43e3-b8e4-33af40b5605b\"\n        }\n      }\n    }\n  ]\n}"
      },
      "type": [
        "map",
        "string"
      ]
    },
    "devops_agentspace_role_arn": {
      "value": "arn:aws:iam::414351351247:role/DevOpsAgentRole-AgentSpace-466bd434",
      "type": "string"
    },
    "devops_agentspace_role_name": {
      "value": "DevOpsAgentRole-AgentSpace-466bd434",
      "type": "string"
    },
    "devops_operator_role_arn": {
      "value": "arn:aws:iam::414351351247:role/DevOpsAgentRole-WebappAdmin-466bd434",
      "type": "string"
    },
    "devops_operator_role_name": {
      "value": "DevOpsAgentRole-WebappAdmin-466bd434",
      "type": "string"
    },
    "external_account_association_ids": {
      "value": {
        "295451572584": "fe2370ca-ed86-43e3-b8e4-33af40b5605b|6506340b-2a83-4dae-855a-e2c451d31dcd",
        "608649261817": "fe2370ca-ed86-43e3-b8e4-33af40b5605b|53cebf9e-e00d-47f8-9732-7b2a4555c35d"
      },
      "type": [
        "object",
        {
          "295451572584": "string",
          "608649261817": "string"
        }
      ]
    },
    "external_account_role_arns": {
      "value": {
        "295451572584": "arn:aws:iam::295451572584:role/DevOpsAgentCrossAccountRole",
        "608649261817": "arn:aws:iam::608649261817:role/DevOpsAgentCrossAccountRole"
      },
      "type": [
        "object",
        {
          "295451572584": "string",
          "608649261817": "string"
        }
      ]
    },
    "manual_setup_instructions": {
      "value": "    \nAWS DevOps Agent Setup Complete!\n    \nAgent Space ID: fe2370ca-ed86-43e3-b8e4-33af40b5605b\n    \nManual Steps Required:\n    \n1. Enable Operator App (if desired):\n   aws devopsagent enable-operator-app \\\n     --agent-space-id fe2370ca-ed86-43e3-b8e4-33af40b5605b \\\n     --auth-flow iam \\\n     --operator-app-role-arn arn:aws:iam::414351351247:role/DevOpsAgentRole-WebappAdmin-466bd434 \\\n     --endpoint-url \"https://api.prod.cp.aidevops.us-east-1.api.aws\" \\\n     --region us-east-1\n    \n2. For external accounts, create cross-account roles in each external account:\n   - Use the trust policy with monitoring account: 414351351247\n   - External ID: arn:aws:aidevops:us-east-1:414351351247:agentspace/fe2370ca-ed86-43e3-b8e4-33af40b5605b\n    \n3. Access the DevOps Agent console at:\n   https://console.aws.amazon.com/devopsagent/\n    \n4. CLI commands to verify setup:\n   aws devopsagent list-agent-spaces --endpoint-url \"https://api.prod.cp.aidevops.us-east-1.api.aws\" --region us-east-1\n   aws devopsagent get-agent-space --agent-space-id fe2370ca-ed86-43e3-b8e4-33af40b5605b --endpoint-url \"https://api.prod.cp.aidevops.us-east-1.api.aws\" --region us-east-1\n",
      "type": "string"
    },
    "operator_app_role_arn": {
      "value": "arn:aws:iam::414351351247:role/DevOpsAgentRole-WebappAdmin-466bd434",
      "type": "string"
    },
    "primary_account_association_id": {
      "value": "fe2370ca-ed86-43e3-b8e4-33af40b5605b|a9dada61-86c6-492a-ae28-d818db8a01ae",
      "type": "string"
    },
    "region": {
      "value": "us-east-1",
      "type": "string"
    }
  },
  "resources": [
    {
      "mode": "data",
      "type": "aws_caller_identity",
      "name": "current",
      "provider": "provider[\"registry.terraform.io/hashicorp/aws\"]",
      "instances": [
        {
          "schema_version": 0,
          "attributes": {
            "account_id": "414351351247",
            "arn": "arn:aws:sts::414351351247:assumed-role/AWSReservedSSO_Cstm.Admins.Full_a3a67f1988f9e85d/lingamurthy.allam@zayo.com",
            "id": "414351351247",
            "user_id": "AROAWA6KD3XHQTVFONGZT:lingamurthy.allam@zayo.com"
          },
          "sensitive_attributes": []
        }
      ]
    },
    {
      "mode": "data",
      "type": "aws_iam_policy_document",
      "name": "cross_account_access",
      "provider": "provider[\"registry.terraform.io/hashicorp/aws\"]",
      "instances": [
        {
          "index_key": 0,
          "schema_version": 0,
          "attributes": {
            "id": "2225245996",
            "json": "{\n  \"Version\": \"2012-10-17\",\n  \"Statement\": [\n    {\n      \"Effect\": \"Allow\",\n      \"Action\": \"sts:AssumeRole\",\n      \"Resource\": [\n        \"arn:aws:iam::608649261817:role/DevOpsAgentCrossAccountRole\",\n        \"arn:aws:iam::295451572584:role/DevOpsAgentCrossAccountRole\"\n      ]\n    }\n  ]\n}",
            "minified_json": "{\"Version\":\"2012-10-17\",\"Statement\":[{\"Effect\":\"Allow\",\"Action\":\"sts:AssumeRole\",\"Resource\":[\"arn:aws:iam::608649261817:role/DevOpsAgentCrossAccountRole\",\"arn:aws:iam::295451572584:role/DevOpsAgentCrossAccountRole\"]}]}",
            "override_json": null,
            "override_policy_documents": null,
            "policy_id": null,
            "source_json": null,
            "source_policy_documents": null,
            "statement": [
              {
                "actions": [
                  "sts:AssumeRole"
                ],
                "condition": [],
                "effect": "Allow",
                "not_actions": [],
                "not_principals": [],
                "not_resources": [],
                "principals": [],
                "resources": [
                  "arn:aws:iam::295451572584:role/DevOpsAgentCrossAccountRole",
                  "arn:aws:iam::608649261817:role/DevOpsAgentCrossAccountRole"
                ],
                "sid": ""
              }
            ],
            "version": "2012-10-17"
          },
          "sensitive_attributes": []
        }
      ]
    },
    {
      "mode": "data",
      "type": "aws_iam_policy_document",
      "name": "cross_account_trust",
      "provider": "provider[\"registry.terraform.io/hashicorp/aws\"]",
      "instances": [
        {
          "index_key": "295451572584",
          "schema_version": 0,
          "attributes": {
            "id": "3878135310",
            "json": "{\n  \"Version\": \"2012-10-17\",\n  \"Statement\": [\n    {\n      \"Effect\": \"Allow\",\n      \"Action\": \"sts:AssumeRole\",\n      \"Principal\": {\n        \"AWS\": \"arn:aws:iam::414351351247:role/DevOpsAgentRole-AgentSpace-466bd434\"\n      },\n      \"Condition\": {\n        \"StringEquals\": {\n          \"sts:ExternalId\": \"arn:aws:aidevops:us-east-1:414351351247:agentspace/fe2370ca-ed86-43e3-b8e4-33af40b5605b\"\n        }\n      }\n    }\n  ]\n}",
            "minified_json": "{\"Version\":\"2012-10-17\",\"Statement\":[{\"Effect\":\"Allow\",\"Action\":\"sts:AssumeRole\",\"Principal\":{\"AWS\":\"arn:aws:iam::414351351247:role/DevOpsAgentRole-AgentSpace-466bd434\"},\"Condition\":{\"StringEquals\":{\"sts:ExternalId\":\"arn:aws:aidevops:us-east-1:414351351247:agentspace/fe2370ca-ed86-43e3-b8e4-33af40b5605b\"}}}]}",
            "override_json": null,
            "override_policy_documents": null,
            "policy_id": null,
            "source_json": null,
            "source_policy_documents": null,
            "statement": [
              {
                "actions": [
                  "sts:AssumeRole"
                ],
                "condition": [
                  {
                    "test": "StringEquals",
                    "values": [
                      "arn:aws:aidevops:us-east-1:414351351247:agentspace/fe2370ca-ed86-43e3-b8e4-33af40b5605b"
                    ],
                    "variable": "sts:ExternalId"
                  }
                ],
                "effect": "Allow",
                "not_actions": [],
                "not_principals": [],
                "not_resources": [],
                "principals": [
                  {
                    "identifiers": [
                      "arn:aws:iam::414351351247:role/DevOpsAgentRole-AgentSpace-466bd434"
                    ],
                    "type": "AWS"
                  }
                ],
                "resources": [],
                "sid": ""
              }
            ],
            "version": "2012-10-17"
          },
          "sensitive_attributes": []
        },
        {
          "index_key": "608649261817",
          "schema_version": 0,
          "attributes": {
            "id": "3878135310",
            "json": "{\n  \"Version\": \"2012-10-17\",\n  \"Statement\": [\n    {\n      \"Effect\": \"Allow\",\n      \"Action\": \"sts:AssumeRole\",\n      \"Principal\": {\n        \"AWS\": \"arn:aws:iam::414351351247:role/DevOpsAgentRole-AgentSpace-466bd434\"\n      },\n      \"Condition\": {\n        \"StringEquals\": {\n          \"sts:ExternalId\": \"arn:aws:aidevops:us-east-1:414351351247:agentspace/fe2370ca-ed86-43e3-b8e4-33af40b5605b\"\n        }\n      }\n    }\n  ]\n}",
            "minified_json": "{\"Version\":\"2012-10-17\",\"Statement\":[{\"Effect\":\"Allow\",\"Action\":\"sts:AssumeRole\",\"Principal\":{\"AWS\":\"arn:aws:iam::414351351247:role/DevOpsAgentRole-AgentSpace-466bd434\"},\"Condition\":{\"StringEquals\":{\"sts:ExternalId\":\"arn:aws:aidevops:us-east-1:414351351247:agentspace/fe2370ca-ed86-43e3-b8e4-33af40b5605b\"}}}]}",
            "override_json": null,
            "override_policy_documents": null,
            "policy_id": null,
            "source_json": null,
            "source_policy_documents": null,
            "statement": [
              {
                "actions": [
                  "sts:AssumeRole"
                ],
                "condition": [
                  {
                    "test": "StringEquals",
                    "values": [
                      "arn:aws:aidevops:us-east-1:414351351247:agentspace/fe2370ca-ed86-43e3-b8e4-33af40b5605b"
                    ],
                    "variable": "sts:ExternalId"
                  }
                ],
                "effect": "Allow",
                "not_actions": [],
                "not_principals": [],
                "not_resources": [],
                "principals": [
                  {
                    "identifiers": [
                      "arn:aws:iam::414351351247:role/DevOpsAgentRole-AgentSpace-466bd434"
                    ],
                    "type": "AWS"
                  }
                ],
                "resources": [],
                "sid": ""
              }
            ],
            "version": "2012-10-17"
          },
          "sensitive_attributes": []
        }
      ]
    },
    {
      "mode": "data",
      "type": "aws_iam_policy_document",
      "name": "devops_agentspace_inline",
      "provider": "provider[\"registry.terraform.io/hashicorp/aws\"]",
      "instances": [
        {
          "schema_version": 0,
          "attributes": {
            "id": "3969064177",
            "json": "{\n  \"Version\": \"2012-10-17\",\n  \"Statement\": [\n    {\n      \"Sid\": \"AllowAwsSupportActions\",\n      \"Effect\": \"Allow\",\n      \"Action\": [\n        \"support:DescribeCases\",\n        \"support:CreateCase\"\n      ],\n      \"Resource\": \"*\"\n    },\n    {\n      \"Sid\": \"AllowExpandedAIOpsAssistantPolicy\",\n      \"Effect\": \"Allow\",\n      \"Action\": [\n        \"synthetics:GetCanaryRuns\",\n        \"route53:GetHealthCheckStatus\",\n        \"resource-explorer-2:Search\",\n        \"eks:AccessKubernetesApi\",\n        \"aidevops:ListKnowledgeItems\",\n        \"aidevops:GetKnowledgeItem\"\n      ],\n      \"Resource\": \"*\"\n    },\n    {\n      \"Sid\": \"AllowPassRoleForCrossAccount\",\n      \"Effect\": \"Allow\",\n      \"Action\": \"iam:PassRole\",\n      \"Resource\": \"arn:aws:iam::*:role/DevOpsAgentCrossAccountRole\",\n      \"Condition\": {\n        \"StringEquals\": {\n          \"iam:PassedToService\": \"devopsagent.amazonaws.com\"\n        }\n      }\n    }\n  ]\n}",
            "minified_json": "{\"Version\":\"2012-10-17\",\"Statement\":[{\"Sid\":\"AllowAwsSupportActions\",\"Effect\":\"Allow\",\"Action\":[\"support:DescribeCases\",\"support:CreateCase\"],\"Resource\":\"*\"},{\"Sid\":\"AllowExpandedAIOpsAssistantPolicy\",\"Effect\":\"Allow\",\"Action\":[\"synthetics:GetCanaryRuns\",\"route53:GetHealthCheckStatus\",\"resource-explorer-2:Search\",\"eks:AccessKubernetesApi\",\"aidevops:ListKnowledgeItems\",\"aidevops:GetKnowledgeItem\"],\"Resource\":\"*\"},{\"Sid\":\"AllowPassRoleForCrossAccount\",\"Effect\":\"Allow\",\"Action\":\"iam:PassRole\",\"Resource\":\"arn:aws:iam::*:role/DevOpsAgentCrossAccountRole\",\"Condition\":{\"StringEquals\":{\"iam:PassedToService\":\"devopsagent.amazonaws.com\"}}}]}",
            "override_json": null,
            "override_policy_documents": null,
            "policy_id": null,
            "source_json": null,
            "source_policy_documents": null,
            "statement": [
              {
                "actions": [
                  "support:CreateCase",
                  "support:DescribeCases"
                ],
                "condition": [],
                "effect": "Allow",
                "not_actions": [],
                "not_principals": [],
                "not_resources": [],
                "principals": [],
                "resources": [
                  "*"
                ],
                "sid": "AllowAwsSupportActions"
              },
              {
                "actions": [
                  "aidevops:GetKnowledgeItem",
                  "aidevops:ListKnowledgeItems",
                  "eks:AccessKubernetesApi",
                  "resource-explorer-2:Search",
                  "route53:GetHealthCheckStatus",
                  "synthetics:GetCanaryRuns"
                ],
                "condition": [],
                "effect": "Allow",
                "not_actions": [],
                "not_principals": [],
                "not_resources": [],
                "principals": [],
                "resources": [
                  "*"
                ],
                "sid": "AllowExpandedAIOpsAssistantPolicy"
              },
              {
                "actions": [
                  "iam:PassRole"
                ],
                "condition": [
                  {
                    "test": "StringEquals",
                    "values": [
                      "devopsagent.amazonaws.com"
                    ],
                    "variable": "iam:PassedToService"
                  }
                ],
                "effect": "Allow",
                "not_actions": [],
                "not_principals": [],
                "not_resources": [],
                "principals": [],
                "resources": [
                  "arn:aws:iam::*:role/DevOpsAgentCrossAccountRole"
                ],
                "sid": "AllowPassRoleForCrossAccount"
              }
            ],
            "version": "2012-10-17"
          },
          "sensitive_attributes": []
        }
      ]
    },
    {
      "mode": "data",
      "type": "aws_iam_policy_document",
      "name": "devops_agentspace_trust",
      "provider": "provider[\"registry.terraform.io/hashicorp/aws\"]",
      "instances": [
        {
          "schema_version": 0,
          "attributes": {
            "id": "10918703",
            "json": "{\n  \"Version\": \"2012-10-17\",\n  \"Statement\": [\n    {\n      \"Effect\": \"Allow\",\n      \"Action\": \"sts:AssumeRole\",\n      \"Principal\": {\n        \"Service\": \"aidevops.amazonaws.com\"\n      },\n      \"Condition\": {\n        \"ArnLike\": {\n          \"aws:SourceArn\": \"arn:aws:aidevops:us-east-1:414351351247:agentspace/*\"\n        },\n        \"StringEquals\": {\n          \"aws:SourceAccount\": \"414351351247\"\n        }\n      }\n    }\n  ]\n}",
            "minified_json": "{\"Version\":\"2012-10-17\",\"Statement\":[{\"Effect\":\"Allow\",\"Action\":\"sts:AssumeRole\",\"Principal\":{\"Service\":\"aidevops.amazonaws.com\"},\"Condition\":{\"ArnLike\":{\"aws:SourceArn\":\"arn:aws:aidevops:us-east-1:414351351247:agentspace/*\"},\"StringEquals\":{\"aws:SourceAccount\":\"414351351247\"}}}]}",
            "override_json": null,
            "override_policy_documents": null,
            "policy_id": null,
            "source_json": null,
            "source_policy_documents": null,
            "statement": [
              {
                "actions": [
                  "sts:AssumeRole"
                ],
                "condition": [
                  {
                    "test": "ArnLike",
                    "values": [
                      "arn:aws:aidevops:us-east-1:414351351247:agentspace/*"
                    ],
                    "variable": "aws:SourceArn"
                  },
                  {
                    "test": "StringEquals",
                    "values": [
                      "414351351247"
                    ],
                    "variable": "aws:SourceAccount"
                  }
                ],
                "effect": "Allow",
                "not_actions": [],
                "not_principals": [],
                "not_resources": [],
                "principals": [
                  {
                    "identifiers": [
                      "aidevops.amazonaws.com"
                    ],
                    "type": "Service"
                  }
                ],
                "resources": [],
                "sid": ""
              }
            ],
            "version": "2012-10-17"
          },
          "sensitive_attributes": []
        }
      ]
    },
    {
      "mode": "data",
      "type": "aws_iam_policy_document",
      "name": "devops_operator_inline",
      "provider": "provider[\"registry.terraform.io/hashicorp/aws\"]",
      "instances": [
        {
          "schema_version": 0,
          "attributes": {
            "id": "3570182118",
            "json": "{\n  \"Version\": \"2012-10-17\",\n  \"Statement\": [\n    {\n      \"Sid\": \"AllowBasicOperatorActions\",\n      \"Effect\": \"Allow\",\n      \"Action\": [\n        \"aidevops:UpdateRecommendation\",\n        \"aidevops:UpdateKnowledgeItem\",\n        \"aidevops:UpdateBacklogTask\",\n        \"aidevops:SendChatMessage\",\n        \"aidevops:ListRecommendations\",\n        \"aidevops:ListPendingMessages\",\n        \"aidevops:ListKnowledgeItems\",\n        \"aidevops:ListJournalRecords\",\n        \"aidevops:ListGoals\",\n        \"aidevops:ListExecutions\",\n        \"aidevops:ListChildExecutions\",\n        \"aidevops:ListBacklogTasks\",\n        \"aidevops:ListAssociations\",\n        \"aidevops:InvokeAgent\",\n        \"aidevops:InitiateChatForCase\",\n        \"aidevops:GetRecommendation\",\n        \"aidevops:GetKnowledgeItem\",\n        \"aidevops:GetBacklogTask\",\n        \"aidevops:GetAssociation\",\n        \"aidevops:GetAgentSpace\",\n        \"aidevops:EndChatForCase\",\n        \"aidevops:DiscoverTopology\",\n        \"aidevops:DescribeSupportLevel\",\n        \"aidevops:CreateKnowledgeItem\",\n        \"aidevops:CreateBacklogTask\"\n      ],\n      \"Resource\": \"arn:aws:aidevops:us-east-1:414351351247:agentspace/*\"\n    },\n    {\n      \"Sid\": \"AllowSupportOperatorActions\",\n      \"Effect\": \"Allow\",\n      \"Action\": [\n        \"support:InitiateChatForCase\",\n        \"support:DescribeSupportLevel\",\n        \"support:DescribeCases\"\n      ],\n      \"Resource\": \"*\"\n    }\n  ]\n}",
            "minified_json": "{\"Version\":\"2012-10-17\",\"Statement\":[{\"Sid\":\"AllowBasicOperatorActions\",\"Effect\":\"Allow\",\"Action\":[\"aidevops:UpdateRecommendation\",\"aidevops:UpdateKnowledgeItem\",\"aidevops:UpdateBacklogTask\",\"aidevops:SendChatMessage\",\"aidevops:ListRecommendations\",\"aidevops:ListPendingMessages\",\"aidevops:ListKnowledgeItems\",\"aidevops:ListJournalRecords\",\"aidevops:ListGoals\",\"aidevops:ListExecutions\",\"aidevops:ListChildExecutions\",\"aidevops:ListBacklogTasks\",\"aidevops:ListAssociations\",\"aidevops:InvokeAgent\",\"aidevops:InitiateChatForCase\",\"aidevops:GetRecommendation\",\"aidevops:GetKnowledgeItem\",\"aidevops:GetBacklogTask\",\"aidevops:GetAssociation\",\"aidevops:GetAgentSpace\",\"aidevops:EndChatForCase\",\"aidevops:DiscoverTopology\",\"aidevops:DescribeSupportLevel\",\"aidevops:CreateKnowledgeItem\",\"aidevops:CreateBacklogTask\"],\"Resource\":\"arn:aws:aidevops:us-east-1:414351351247:agentspace/*\"},{\"Sid\":\"AllowSupportOperatorActions\",\"Effect\":\"Allow\",\"Action\":[\"support:InitiateChatForCase\",\"support:DescribeSupportLevel\",\"support:DescribeCases\"],\"Resource\":\"*\"}]}",
            "override_json": null,
            "override_policy_documents": null,
            "policy_id": null,
            "source_json": null,
            "source_policy_documents": null,
            "statement": [
              {
                "actions": [
                  "aidevops:CreateBacklogTask",
                  "aidevops:CreateKnowledgeItem",
                  "aidevops:DescribeSupportLevel",
                  "aidevops:DiscoverTopology",
                  "aidevops:EndChatForCase",
                  "aidevops:GetAgentSpace",
                  "aidevops:GetAssociation",
                  "aidevops:GetBacklogTask",
                  "aidevops:GetKnowledgeItem",
                  "aidevops:GetRecommendation",
                  "aidevops:InitiateChatForCase",
                  "aidevops:InvokeAgent",
                  "aidevops:ListAssociations",
                  "aidevops:ListBacklogTasks",
                  "aidevops:ListChildExecutions",
                  "aidevops:ListExecutions",
                  "aidevops:ListGoals",
                  "aidevops:ListJournalRecords",
                  "aidevops:ListKnowledgeItems",
                  "aidevops:ListPendingMessages",
                  "aidevops:ListRecommendations",
                  "aidevops:SendChatMessage",
                  "aidevops:UpdateBacklogTask",
                  "aidevops:UpdateKnowledgeItem",
                  "aidevops:UpdateRecommendation"
                ],
                "condition": [],
                "effect": "Allow",
                "not_actions": [],
                "not_principals": [],
                "not_resources": [],
                "principals": [],
                "resources": [
                  "arn:aws:aidevops:us-east-1:414351351247:agentspace/*"
                ],
                "sid": "AllowBasicOperatorActions"
              },
              {
                "actions": [
                  "support:DescribeCases",
                  "support:DescribeSupportLevel",
                  "support:InitiateChatForCase"
                ],
                "condition": [],
                "effect": "Allow",
                "not_actions": [],
                "not_principals": [],
                "not_resources": [],
                "principals": [],
                "resources": [
                  "*"
                ],
                "sid": "AllowSupportOperatorActions"
              }
            ],
            "version": "2012-10-17"
          },
          "sensitive_attributes": []
        }
      ]
    },
    {
      "mode": "data",
      "type": "aws_iam_policy_document",
      "name": "devops_operator_trust",
      "provider": "provider[\"registry.terraform.io/hashicorp/aws\"]",
      "instances": [
        {
          "schema_version": 0,
          "attributes": {
            "id": "10918703",
            "json": "{\n  \"Version\": \"2012-10-17\",\n  \"Statement\": [\n    {\n      \"Effect\": \"Allow\",\n      \"Action\": \"sts:AssumeRole\",\n      \"Principal\": {\n        \"Service\": \"aidevops.amazonaws.com\"\n      },\n      \"Condition\": {\n        \"ArnLike\": {\n          \"aws:SourceArn\": \"arn:aws:aidevops:us-east-1:414351351247:agentspace/*\"\n        },\n        \"StringEquals\": {\n          \"aws:SourceAccount\": \"414351351247\"\n        }\n      }\n    }\n  ]\n}",
            "minified_json": "{\"Version\":\"2012-10-17\",\"Statement\":[{\"Effect\":\"Allow\",\"Action\":\"sts:AssumeRole\",\"Principal\":{\"Service\":\"aidevops.amazonaws.com\"},\"Condition\":{\"ArnLike\":{\"aws:SourceArn\":\"arn:aws:aidevops:us-east-1:414351351247:agentspace/*\"},\"StringEquals\":{\"aws:SourceAccount\":\"414351351247\"}}}]}",
            "override_json": null,
            "override_policy_documents": null,
            "policy_id": null,
            "source_json": null,
            "source_policy_documents": null,
            "statement": [
              {
                "actions": [
                  "sts:AssumeRole"
                ],
                "condition": [
                  {
                    "test": "ArnLike",
                    "values": [
                      "arn:aws:aidevops:us-east-1:414351351247:agentspace/*"
                    ],
                    "variable": "aws:SourceArn"
                  },
                  {
                    "test": "StringEquals",
                    "values": [
                      "414351351247"
                    ],
                    "variable": "aws:SourceAccount"
                  }
                ],
                "effect": "Allow",
                "not_actions": [],
                "not_principals": [],
                "not_resources": [],
                "principals": [
                  {
                    "identifiers": [
                      "aidevops.amazonaws.com"
                    ],
                    "type": "Service"
                  }
                ],
                "resources": [],
                "sid": ""
              }
            ],
            "version": "2012-10-17"
          },
          "sensitive_attributes": []
        }
      ]
    },
    {
      "mode": "data",
      "type": "aws_region",
      "name": "current",
      "provider": "provider[\"registry.terraform.io/hashicorp/aws\"]",
      "instances": [
        {
          "schema_version": 0,
          "attributes": {
            "description": "US East (N. Virginia)",
            "endpoint": "ec2.us-east-1.amazonaws.com",
            "id": "us-east-1",
            "name": "us-east-1"
          },
          "sensitive_attributes": []
        }
      ]
    },
    {
      "mode": "managed",
      "type": "aws_iam_role",
      "name": "devops_agentspace",
      "provider": "provider[\"registry.terraform.io/hashicorp/aws\"]",
      "instances": [
        {
          "schema_version": 0,
          "attributes": {
            "arn": "arn:aws:iam::414351351247:role/DevOpsAgentRole-AgentSpace-466bd434",
            "assume_role_policy": "{\"Statement\":[{\"Action\":\"sts:AssumeRole\",\"Condition\":{\"ArnLike\":{\"aws:SourceArn\":\"arn:aws:aidevops:us-east-1:414351351247:agentspace/*\"},\"StringEquals\":{\"aws:SourceAccount\":\"414351351247\"}},\"Effect\":\"Allow\",\"Principal\":{\"Service\":\"aidevops.amazonaws.com\"}}],\"Version\":\"2012-10-17\"}",
            "create_date": "2026-02-04T18:38:17Z",
            "description": "",
            "force_detach_policies": false,
            "id": "DevOpsAgentRole-AgentSpace-466bd434",
            "inline_policy": [
              {
                "name": "AllowExpandedAIOpsAssistantPolicy",
                "policy": "{\"Version\":\"2012-10-17\",\"Statement\":[{\"Action\":[\"support:DescribeCases\",\"support:CreateCase\"],\"Effect\":\"Allow\",\"Resource\":\"*\",\"Sid\":\"AllowAwsSupportActions\"},{\"Action\":[\"synthetics:GetCanaryRuns\",\"route53:GetHealthCheckStatus\",\"resource-explorer-2:Search\",\"eks:AccessKubernetesApi\",\"aidevops:ListKnowledgeItems\",\"aidevops:GetKnowledgeItem\"],\"Effect\":\"Allow\",\"Resource\":\"*\",\"Sid\":\"AllowExpandedAIOpsAssistantPolicy\"},{\"Action\":\"iam:PassRole\",\"Condition\":{\"StringEquals\":{\"iam:PassedToService\":\"devopsagent.amazonaws.com\"}},\"Effect\":\"Allow\",\"Resource\":\"arn:aws:iam::*:role/DevOpsAgentCrossAccountRole\",\"Sid\":\"AllowPassRoleForCrossAccount\"}]}"
              },
              {
                "name": "DevOpsAgentCrossAccountAccess",
                "policy": "{\"Version\":\"2012-10-17\",\"Statement\":[{\"Action\":\"sts:AssumeRole\",\"Effect\":\"Allow\",\"Resource\":[\"arn:aws:iam::608649261817:role/DevOpsAgentCrossAccountRole\",\"arn:aws:iam::295451572584:role/DevOpsAgentCrossAccountRole\"]}]}"
              }
            ],
            "managed_policy_arns": [
              "arn:aws:iam::aws:policy/AIOpsAssistantPolicy"
            ],
            "max_session_duration": 3600,
            "name": "DevOpsAgentRole-AgentSpace-466bd434",
            "name_prefix": "",
            "path": "/",
            "permissions_boundary": "",
            "tags": {
              "APM_ID": "engineering",
              "Environment": "production",
              "Owner": "ccoe-team",
              "Project": "aws-devops-agent"
            },
            "tags_all": {
              "APM_ID": "engineering",
              "Environment": "production",
              "Owner": "ccoe-team",
              "Project": "aws-devops-agent"
            },
            "unique_id": "AROAWA6KD3XH5CJNZOD5I"
          },
          "sensitive_attributes": [],
          "private": "bnVsbA==",
          "dependencies": [
            "data.aws_caller_identity.current",
            "data.aws_iam_policy_document.devops_agentspace_trust",
            "data.aws_region.current",
            "random_id.suffix"
          ]
        }
      ]
    },
    {
      "mode": "managed",
      "type": "aws_iam_role",
      "name": "devops_operator",
      "provider": "provider[\"registry.terraform.io/hashicorp/aws\"]",
      "instances": [
        {
          "schema_version": 0,
          "attributes": {
            "arn": "arn:aws:iam::414351351247:role/DevOpsAgentRole-WebappAdmin-466bd434",
            "assume_role_policy": "{\"Statement\":[{\"Action\":\"sts:AssumeRole\",\"Condition\":{\"ArnLike\":{\"aws:SourceArn\":\"arn:aws:aidevops:us-east-1:414351351247:agentspace/*\"},\"StringEquals\":{\"aws:SourceAccount\":\"414351351247\"}},\"Effect\":\"Allow\",\"Principal\":{\"Service\":\"aidevops.amazonaws.com\"}}],\"Version\":\"2012-10-17\"}",
            "create_date": "2026-02-04T18:38:17Z",
            "description": "",
            "force_detach_policies": false,
            "id": "DevOpsAgentRole-WebappAdmin-466bd434",
            "inline_policy": [
              {
                "name": "AIDevOpsBasicOperatorActionsPolicy",
                "policy": "{\"Version\":\"2012-10-17\",\"Statement\":[{\"Action\":[\"aidevops:UpdateRecommendation\",\"aidevops:UpdateKnowledgeItem\",\"aidevops:UpdateBacklogTask\",\"aidevops:SendChatMessage\",\"aidevops:ListRecommendations\",\"aidevops:ListPendingMessages\",\"aidevops:ListKnowledgeItems\",\"aidevops:ListJournalRecords\",\"aidevops:ListGoals\",\"aidevops:ListExecutions\",\"aidevops:ListChildExecutions\",\"aidevops:ListBacklogTasks\",\"aidevops:ListAssociations\",\"aidevops:InvokeAgent\",\"aidevops:InitiateChatForCase\",\"aidevops:GetRecommendation\",\"aidevops:GetKnowledgeItem\",\"aidevops:GetBacklogTask\",\"aidevops:GetAssociation\",\"aidevops:GetAgentSpace\",\"aidevops:EndChatForCase\",\"aidevops:DiscoverTopology\",\"aidevops:DescribeSupportLevel\",\"aidevops:CreateKnowledgeItem\",\"aidevops:CreateBacklogTask\"],\"Effect\":\"Allow\",\"Resource\":\"arn:aws:aidevops:us-east-1:414351351247:agentspace/*\",\"Sid\":\"AllowBasicOperatorActions\"},{\"Action\":[\"support:InitiateChatForCase\",\"support:DescribeSupportLevel\",\"support:DescribeCases\"],\"Effect\":\"Allow\",\"Resource\":\"*\",\"Sid\":\"AllowSupportOperatorActions\"}]}"
              }
            ],
            "managed_policy_arns": [],
            "max_session_duration": 3600,
            "name": "DevOpsAgentRole-WebappAdmin-466bd434",
            "name_prefix": "",
            "path": "/",
            "permissions_boundary": "",
            "tags": {
              "APM_ID": "engineering",
              "Environment": "production",
              "Owner": "ccoe-team",
              "Project": "aws-devops-agent"
            },
            "tags_all": {
              "APM_ID": "engineering",
              "Environment": "production",
              "Owner": "ccoe-team",
              "Project": "aws-devops-agent"
            },
            "unique_id": "AROAWA6KD3XHVYCW7XZJK"
          },
          "sensitive_attributes": [],
          "private": "bnVsbA==",
          "dependencies": [
            "data.aws_caller_identity.current",
            "data.aws_iam_policy_document.devops_operator_trust",
            "data.aws_region.current",
            "random_id.suffix"
          ]
        }
      ]
    },
    {
      "mode": "managed",
      "type": "aws_iam_role_policy",
      "name": "cross_account_access",
      "provider": "provider[\"registry.terraform.io/hashicorp/aws\"]",
      "instances": [
        {
          "index_key": 0,
          "schema_version": 0,
          "attributes": {
            "id": "DevOpsAgentRole-AgentSpace-466bd434:DevOpsAgentCrossAccountAccess",
            "name": "DevOpsAgentCrossAccountAccess",
            "name_prefix": "",
            "policy": "{\"Version\":\"2012-10-17\",\"Statement\":[{\"Action\":\"sts:AssumeRole\",\"Effect\":\"Allow\",\"Resource\":[\"arn:aws:iam::608649261817:role/DevOpsAgentCrossAccountRole\",\"arn:aws:iam::295451572584:role/DevOpsAgentCrossAccountRole\"]}]}",
            "role": "DevOpsAgentRole-AgentSpace-466bd434"
          },
          "sensitive_attributes": [],
          "private": "bnVsbA==",
          "dependencies": [
            "aws_iam_role.devops_agentspace",
            "data.aws_caller_identity.current",
            "data.aws_iam_policy_document.cross_account_access",
            "data.aws_iam_policy_document.devops_agentspace_trust",
            "data.aws_region.current",
            "random_id.suffix"
          ]
        }
      ]
    },
    {
      "mode": "managed",
      "type": "aws_iam_role_policy",
      "name": "devops_agentspace_inline",
      "provider": "provider[\"registry.terraform.io/hashicorp/aws\"]",
      "instances": [
        {
          "schema_version": 0,
          "attributes": {
            "id": "DevOpsAgentRole-AgentSpace-466bd434:AllowExpandedAIOpsAssistantPolicy",
            "name": "AllowExpandedAIOpsAssistantPolicy",
            "name_prefix": "",
            "policy": "{\"Version\":\"2012-10-17\",\"Statement\":[{\"Action\":[\"support:DescribeCases\",\"support:CreateCase\"],\"Effect\":\"Allow\",\"Resource\":\"*\",\"Sid\":\"AllowAwsSupportActions\"},{\"Action\":[\"synthetics:GetCanaryRuns\",\"route53:GetHealthCheckStatus\",\"resource-explorer-2:Search\",\"eks:AccessKubernetesApi\",\"aidevops:ListKnowledgeItems\",\"aidevops:GetKnowledgeItem\"],\"Effect\":\"Allow\",\"Resource\":\"*\",\"Sid\":\"AllowExpandedAIOpsAssistantPolicy\"},{\"Action\":\"iam:PassRole\",\"Condition\":{\"StringEquals\":{\"iam:PassedToService\":\"devopsagent.amazonaws.com\"}},\"Effect\":\"Allow\",\"Resource\":\"arn:aws:iam::*:role/DevOpsAgentCrossAccountRole\",\"Sid\":\"AllowPassRoleForCrossAccount\"}]}",
            "role": "DevOpsAgentRole-AgentSpace-466bd434"
          },
          "sensitive_attributes": [],
          "private": "bnVsbA==",
          "dependencies": [
            "aws_iam_role.devops_agentspace",
            "data.aws_caller_identity.current",
            "data.aws_iam_policy_document.devops_agentspace_inline",
            "data.aws_iam_policy_document.devops_agentspace_trust",
            "data.aws_region.current",
            "random_id.suffix"
          ]
        }
      ]
    },
    {
      "mode": "managed",
      "type": "aws_iam_role_policy",
      "name": "devops_operator_inline",
      "provider": "provider[\"registry.terraform.io/hashicorp/aws\"]",
      "instances": [
        {
          "schema_version": 0,
          "attributes": {
            "id": "DevOpsAgentRole-WebappAdmin-466bd434:AIDevOpsBasicOperatorActionsPolicy",
            "name": "AIDevOpsBasicOperatorActionsPolicy",
            "name_prefix": "",
            "policy": "{\"Version\":\"2012-10-17\",\"Statement\":[{\"Action\":[\"aidevops:UpdateRecommendation\",\"aidevops:UpdateKnowledgeItem\",\"aidevops:UpdateBacklogTask\",\"aidevops:SendChatMessage\",\"aidevops:ListRecommendations\",\"aidevops:ListPendingMessages\",\"aidevops:ListKnowledgeItems\",\"aidevops:ListJournalRecords\",\"aidevops:ListGoals\",\"aidevops:ListExecutions\",\"aidevops:ListChildExecutions\",\"aidevops:ListBacklogTasks\",\"aidevops:ListAssociations\",\"aidevops:InvokeAgent\",\"aidevops:InitiateChatForCase\",\"aidevops:GetRecommendation\",\"aidevops:GetKnowledgeItem\",\"aidevops:GetBacklogTask\",\"aidevops:GetAssociation\",\"aidevops:GetAgentSpace\",\"aidevops:EndChatForCase\",\"aidevops:DiscoverTopology\",\"aidevops:DescribeSupportLevel\",\"aidevops:CreateKnowledgeItem\",\"aidevops:CreateBacklogTask\"],\"Effect\":\"Allow\",\"Resource\":\"arn:aws:aidevops:us-east-1:414351351247:agentspace/*\",\"Sid\":\"AllowBasicOperatorActions\"},{\"Action\":[\"support:InitiateChatForCase\",\"support:DescribeSupportLevel\",\"support:DescribeCases\"],\"Effect\":\"Allow\",\"Resource\":\"*\",\"Sid\":\"AllowSupportOperatorActions\"}]}",
            "role": "DevOpsAgentRole-WebappAdmin-466bd434"
          },
          "sensitive_attributes": [],
          "private": "bnVsbA==",
          "dependencies": [
            "aws_iam_role.devops_operator",
            "data.aws_caller_identity.current",
            "data.aws_iam_policy_document.devops_operator_inline",
            "data.aws_iam_policy_document.devops_operator_trust",
            "data.aws_region.current",
            "random_id.suffix"
          ]
        }
      ]
    },
    {
      "mode": "managed",
      "type": "aws_iam_role_policy_attachment",
      "name": "devops_agentspace_managed",
      "provider": "provider[\"registry.terraform.io/hashicorp/aws\"]",
      "instances": [
        {
          "schema_version": 0,
          "attributes": {
            "id": "DevOpsAgentRole-AgentSpace-466bd434-20260204183818439800000001",
            "policy_arn": "arn:aws:iam::aws:policy/AIOpsAssistantPolicy",
            "role": "DevOpsAgentRole-AgentSpace-466bd434"
          },
          "sensitive_attributes": [],
          "private": "bnVsbA==",
          "dependencies": [
            "aws_iam_role.devops_agentspace",
            "data.aws_caller_identity.current",
            "data.aws_iam_policy_document.devops_agentspace_trust",
            "data.aws_region.current",
            "random_id.suffix"
          ]
        }
      ]
    },
    {
      "mode": "managed",
      "type": "awscc_devopsagent_agent_space",
      "name": "main",
      "provider": "provider[\"registry.terraform.io/hashicorp/awscc\"]",
      "instances": [
        {
          "schema_version": 1,
          "attributes": {
            "agent_space_id": "fe2370ca-ed86-43e3-b8e4-33af40b5605b",
            "arn": "arn:aws:aidevops:us-east-1:414351351247:agentspace/fe2370ca-ed86-43e3-b8e4-33af40b5605b",
            "created_at": "2026-02-04T18:38:19.326Z",
            "description": "DevOps Agent Space for monitoring production workloads",
            "id": "fe2370ca-ed86-43e3-b8e4-33af40b5605b",
            "name": "ZayodevopsAgentSpace",
            "updated_at": "2026-02-04T20:03:47.324Z"
          },
          "sensitive_attributes": [],
          "dependencies": [
            "aws_iam_role.devops_agentspace",
            "aws_iam_role_policy.devops_agentspace_inline",
            "aws_iam_role_policy_attachment.devops_agentspace_managed",
            "data.aws_caller_identity.current",
            "data.aws_iam_policy_document.devops_agentspace_inline",
            "data.aws_iam_policy_document.devops_agentspace_trust",
            "data.aws_region.current",
            "random_id.suffix"
          ]
        }
      ]
    },
    {
      "mode": "managed",
      "type": "awscc_devopsagent_association",
      "name": "external_aws_accounts",
      "provider": "provider[\"registry.terraform.io/hashicorp/awscc\"]",
      "instances": [
        {
          "index_key": "295451572584",
          "schema_version": 1,
          "attributes": {
            "agent_space_id": "fe2370ca-ed86-43e3-b8e4-33af40b5605b",
            "association_id": "6506340b-2a83-4dae-855a-e2c451d31dcd",
            "configuration": {
              "aws": null,
              "dynatrace": null,
              "event_channel": null,
              "git_hub": null,
              "git_lab": null,
              "mcp_server": null,
              "mcp_server_datadog": null,
              "mcp_server_new_relic": null,
              "mcp_server_splunk": null,
              "service_now": null,
              "slack": null,
              "source_aws": {
                "account_id": "295451572584",
                "account_type": "source",
                "assumable_role_arn": "arn:aws:iam::295451572584:role/DevOpsAgentCrossAccountRole",
                "resources": [],
                "tags": null
              }
            },
            "created_at": "2026-02-06T17:53:04.351Z",
            "id": "fe2370ca-ed86-43e3-b8e4-33af40b5605b|6506340b-2a83-4dae-855a-e2c451d31dcd",
            "linked_association_ids": null,
            "service_id": "aws",
            "updated_at": "2026-02-06T17:53:04.351Z"
          },
          "sensitive_attributes": [],
          "dependencies": [
            "aws_iam_role.devops_agentspace",
            "awscc_devopsagent_agent_space.main",
            "awscc_devopsagent_association.primary_aws_account",
            "data.aws_caller_identity.current",
            "time_sleep.wait_for_cross_account_iam",
            "time_sleep.wait_for_iam_propagation"
          ]
        },
        {
          "index_key": "608649261817",
          "schema_version": 1,
          "attributes": {
            "agent_space_id": "fe2370ca-ed86-43e3-b8e4-33af40b5605b",
            "association_id": "53cebf9e-e00d-47f8-9732-7b2a4555c35d",
            "configuration": {
              "aws": null,
              "dynatrace": {
                "enable_webhook_updates": null,
                "env_id": null,
                "resources": null
              },
              "event_channel": {
                "enable_webhook_updates": null
              },
              "git_hub": null,
              "git_lab": {
                "enable_webhook_updates": null,
                "instance_identifier": null,
                "project_id": null,
                "project_path": null
              },
              "mcp_server": {
                "description": null,
                "enable_webhook_updates": null,
                "endpoint": null,
                "name": null,
                "tools": null
              },
              "mcp_server_datadog": {
                "description": null,
                "enable_webhook_updates": null,
                "endpoint": null,
                "name": null
              },
              "mcp_server_new_relic": null,
              "mcp_server_splunk": {
                "description": null,
                "enable_webhook_updates": null,
                "endpoint": null,
                "name": null
              },
              "service_now": {
                "enable_webhook_updates": null,
                "instance_id": null
              },
              "slack": null,
              "source_aws": {
                "account_id": "608649261817",
                "account_type": "source",
                "assumable_role_arn": "arn:aws:iam::608649261817:role/DevOpsAgentCrossAccountRole",
                "resources": [],
                "tags": null
              }
            },
            "created_at": "2026-02-05T20:05:56.544Z",
            "id": "fe2370ca-ed86-43e3-b8e4-33af40b5605b|53cebf9e-e00d-47f8-9732-7b2a4555c35d",
            "linked_association_ids": null,
            "service_id": "aws",
            "updated_at": "2026-02-05T20:05:56.544Z"
          },
          "sensitive_attributes": [],
          "dependencies": [
            "aws_iam_role.devops_agentspace",
            "awscc_devopsagent_agent_space.main",
            "awscc_devopsagent_association.primary_aws_account",
            "data.aws_caller_identity.current",
            "time_sleep.wait_for_cross_account_iam",
            "time_sleep.wait_for_iam_propagation"
          ]
        }
      ]
    },
    {
      "mode": "managed",
      "type": "awscc_devopsagent_association",
      "name": "primary_aws_account",
      "provider": "provider[\"registry.terraform.io/hashicorp/awscc\"]",
      "instances": [
        {
          "schema_version": 1,
          "attributes": {
            "agent_space_id": "fe2370ca-ed86-43e3-b8e4-33af40b5605b",
            "association_id": "a9dada61-86c6-492a-ae28-d818db8a01ae",
            "configuration": {
              "aws": {
                "account_id": "414351351247",
                "account_type": "monitor",
                "assumable_role_arn": "arn:aws:iam::414351351247:role/DevOpsAgentRole-AgentSpace-466bd434",
                "resources": [],
                "tags": null
              },
              "dynatrace": {
                "enable_webhook_updates": null,
                "env_id": null,
                "resources": null
              },
              "event_channel": {
                "enable_webhook_updates": null
              },
              "git_hub": null,
              "git_lab": {
                "enable_webhook_updates": null,
                "instance_identifier": null,
                "project_id": null,
                "project_path": null
              },
              "mcp_server": {
                "description": null,
                "enable_webhook_updates": null,
                "endpoint": null,
                "name": null,
                "tools": null
              },
              "mcp_server_datadog": {
                "description": null,
                "enable_webhook_updates": null,
                "endpoint": null,
                "name": null
              },
              "mcp_server_new_relic": null,
              "mcp_server_splunk": {
                "description": null,
                "enable_webhook_updates": null,
                "endpoint": null,
                "name": null
              },
              "service_now": {
                "enable_webhook_updates": null,
                "instance_id": null
              },
              "slack": null,
              "source_aws": null
            },
            "created_at": "2026-02-04T18:38:49.092Z",
            "id": "fe2370ca-ed86-43e3-b8e4-33af40b5605b|a9dada61-86c6-492a-ae28-d818db8a01ae",
            "linked_association_ids": null,
            "service_id": "aws",
            "updated_at": "2026-02-04T18:38:49.092Z"
          },
          "sensitive_attributes": [],
          "dependencies": [
            "aws_iam_role.devops_agentspace",
            "awscc_devopsagent_agent_space.main",
            "data.aws_caller_identity.current",
            "time_sleep.wait_for_iam_propagation"
          ]
        }
      ]
    },
    {
      "mode": "managed",
      "type": "random_id",
      "name": "suffix",
      "provider": "provider[\"registry.terraform.io/hashicorp/random\"]",
      "instances": [
        {
          "schema_version": 0,
          "attributes": {
            "b64_std": "RmvUNA==",
            "b64_url": "RmvUNA",
            "byte_length": 4,
            "dec": "1181471796",
            "hex": "466bd434",
            "id": "RmvUNA",
            "keepers": null,
            "prefix": null
          },
          "sensitive_attributes": []
        }
      ]
    },
    {
      "mode": "managed",
      "type": "time_sleep",
      "name": "wait_for_cross_account_iam",
      "provider": "provider[\"registry.terraform.io/hashicorp/time\"]",
      "instances": [
        {
          "index_key": 0,
          "schema_version": 0,
          "attributes": {
            "create_duration": "30s",
            "destroy_duration": null,
            "id": "2026-02-04T21:11:48Z",
            "triggers": null
          },
          "sensitive_attributes": [],
          "dependencies": [
            "aws_iam_role.devops_agentspace",
            "aws_iam_role_policy.cross_account_access",
            "data.aws_caller_identity.current",
            "data.aws_iam_policy_document.cross_account_access",
            "data.aws_iam_policy_document.devops_agentspace_trust",
            "data.aws_region.current",
            "random_id.suffix"
          ]
        }
      ]
    },
    {
      "mode": "managed",
      "type": "time_sleep",
      "name": "wait_for_iam_propagation",
      "provider": "provider[\"registry.terraform.io/hashicorp/time\"]",
      "instances": [
        {
          "schema_version": 0,
          "attributes": {
            "create_duration": "30s",
            "destroy_duration": null,
            "id": "2026-02-04T18:38:48Z",
            "triggers": null
          },
          "sensitive_attributes": [],
          "dependencies": [
            "aws_iam_role.devops_agentspace",
            "aws_iam_role_policy.devops_agentspace_inline",
            "aws_iam_role_policy_attachment.devops_agentspace_managed",
            "data.aws_caller_identity.current",
            "data.aws_iam_policy_document.devops_agentspace_inline",
            "data.aws_iam_policy_document.devops_agentspace_trust",
            "data.aws_region.current",
            "random_id.suffix"
          ]
        }
      ]
    }
  ],
  "check_results": null
}
